
Microsoft Visual Studio Solution File, Format Version 12.00
# Visual Studio Version 17
VisualStudioVersion = 17.5.002.0
MinimumVisualStudioVersion = 10.0.40219.1
Project("{9A19103F-16F7-4668-BE54-9A1E7A4F7556}") = "HM2", "HM2.csproj", "{33DFB414-8AB6-4E34-9028-9800FED0901E}"
EndProject
Global
	GlobalSection(SolutionConfigurationPlatforms) = preSolution
		Debug|Any CPU = Debug|Any CPU
		Release|Any CPU = Release|Any CPU
	EndGlobalSection
	GlobalSection(ProjectConfigurationPlatforms) = postSolution
		{33DFB414-8AB6-4E34-9028-9800FED0901E}.Debug|Any CPU.ActiveCfg = Debug|Any CPU
		{33DFB414-8AB6-4E34-9028-9800FED0901E}.Debug|Any CPU.Build.0 = Debug|Any CPU
		{33DFB414-8AB6-4E34-9028-9800FED0901E}.Release|Any CPU.ActiveCfg = Release|Any CPU
		{33DFB414-8AB6-4E34-9028-9800FED0901E}.Release|Any CPU.Build.0 = Release|Any CPU
	EndGlobalSection
	GlobalSection(SolutionProperties) = preSolution
		HideSolutionNode = FALSE
	EndGlobalSection
	GlobalSection(ExtensibilityGlobals) = postSolution
		SolutionGuid = {BBCD2D45-2FAD-42A2-A31F-BB090599D82E}
	EndGlobalSection
EndGlobal
